
Microsoft Visual Studio Solution File, Format Version 12.00
# Visual Studio Version 17
VisualStudioVersion = 17.5.002.0
MinimumVisualStudioVersion = 10.0.40219.1
Project("{9A19103F-16F7-4668-BE54-9A1E7A4F7556}") = "ListaDeTarefas", "ListaDeTarefas.csproj", "{09BD3B5C-159C-495B-BCF4-BADCD1BDB469}"
EndProject
Global
	GlobalSection(SolutionConfigurationPlatforms) = preSolution
		Debug|Any CPU = Debug|Any CPU
		Release|Any CPU = Release|Any CPU
	EndGlobalSection
	GlobalSection(ProjectConfigurationPlatforms) = postSolution
		{09BD3B5C-159C-495B-BCF4-BADCD1BDB469}.Debug|Any CPU.ActiveCfg = Debug|Any CPU
		{09BD3B5C-159C-495B-BCF4-BADCD1BDB469}.Debug|Any CPU.Build.0 = Debug|Any CPU
		{09BD3B5C-159C-495B-BCF4-BADCD1BDB469}.Release|Any CPU.ActiveCfg = Release|Any CPU
		{09BD3B5C-159C-495B-BCF4-BADCD1BDB469}.Release|Any CPU.Build.0 = Release|Any CPU
	EndGlobalSection
	GlobalSection(SolutionProperties) = preSolution
		HideSolutionNode = FALSE
	EndGlobalSection
	GlobalSection(ExtensibilityGlobals) = postSolution
		SolutionGuid = {BED93720-E921-455A-8A33-6EB1A28C63FB}
	EndGlobalSection
EndGlobal
